
DEPENDENCIES: 
- ASIHTTPRequest
- JSONKit (~> 1.4)
- Reachability (~> 3.0.0)
- SDWebImage
- iCarousel

PODS: 
- ASIHTTPRequest (1.8.1): 
  - ASIHTTPRequest/ASIWebPageRequest (= 1.8.1)
  - ASIHTTPRequest/CloudFiles (= 1.8.1)
  - ASIHTTPRequest/S3 (= 1.8.1)
  - Reachability
- ASIHTTPRequest/ASIWebPageRequest (1.8.1): 
  - Reachability
- ASIHTTPRequest/CloudFiles (1.8.1): 
  - Reachability
- ASIHTTPRequest/S3 (1.8.1): 
  - Reachability
- JSONKit (1.5pre)
- Reachability (3.0.0)
- SDWebImage (2.7): 
  - SDWebImage/Main (= 2.7)
- SDWebImage/Main (2.7)
- iCarousel (1.7.2)

COCOAPODS: 0.15.2

SPEC CHECKSUMS: 
  SDWebImage/Main: 6be78ee398d329bdd22c85a0e11ee41bd1f52066
  SDWebImage: 6be78ee398d329bdd22c85a0e11ee41bd1f52066
  iCarousel: 9786dc44e3fe4fb1d143db83443cfa7794687a49
  Reachability: 500bd76bf6cd8ff2c6fb715fc5f44ef6e4c024f2
  ASIHTTPRequest/S3: e606d2df58b0aace6c1cf1d39a08d3484f91324a
  ASIHTTPRequest/ASIWebPageRequest: e606d2df58b0aace6c1cf1d39a08d3484f91324a
  JSONKit: a01a22c75f27eae76b4badd55a91c20fe6e86477
  ASIHTTPRequest/CloudFiles: e606d2df58b0aace6c1cf1d39a08d3484f91324a
  ASIHTTPRequest: e606d2df58b0aace6c1cf1d39a08d3484f91324a
